
Microsoft Visual Studio Solution File, Format Version 12.00
# Visual Studio Version 17
VisualStudioVersion = 17.3.32929.385
MinimumVisualStudioVersion = 10.0.40219.1
Project("{9A19103F-16F7-4668-BE54-9A1E7A4F7556}") = "PhrasePal", "PhrasePal.csproj", "{FF91093D-6266-4765-97AE-3B698F5D9301}"
EndProject
Global
	GlobalSection(SolutionConfigurationPlatforms) = preSolution
		Debug|Any CPU = Debug|Any CPU
		Release|Any CPU = Release|Any CPU
	EndGlobalSection
	GlobalSection(ProjectConfigurationPlatforms) = postSolution
		{FF91093D-6266-4765-97AE-3B698F5D9301}.Debug|Any CPU.ActiveCfg = Debug|Any CPU
		{FF91093D-6266-4765-97AE-3B698F5D9301}.Debug|Any CPU.Build.0 = Debug|Any CPU
		{FF91093D-6266-4765-97AE-3B698F5D9301}.Release|Any CPU.ActiveCfg = Release|Any CPU
		{FF91093D-6266-4765-97AE-3B698F5D9301}.Release|Any CPU.Build.0 = Release|Any CPU
	EndGlobalSection
	GlobalSection(SolutionProperties) = preSolution
		HideSolutionNode = FALSE
	EndGlobalSection
	GlobalSection(ExtensibilityGlobals) = postSolution
		SolutionGuid = {76552574-1392-4CB4-B8BC-33681EDA6484}
	EndGlobalSection
EndGlobal
